Microsoft Visual Studio Solution File, Format Version 12.00
# Visual Studio Version 17
VisualStudioVersion = 17.5.2.0
MinimumVisualStudioVersion = 10.0.40219.1
Project("{FAE04EC0-301F-11D3-BF4B-00C04F79EFBC}") = "MediaProvasAlg", "MediaProvasAlg.csproj", "{73401AF6-5F13-8523-0CF8-F99D1D705A76}"
EndProject
Global
	GlobalSection(SolutionConfigurationPlatforms) = preSolution
		Debug|Any CPU = Debug|Any CPU
		Release|Any CPU = Release|Any CPU
	EndGlobalSection
	GlobalSection(ProjectConfigurationPlatforms) = postSolution
		{73401AF6-5F13-8523-0CF8-F99D1D705A76}.Debug|Any CPU.ActiveCfg = Debug|Any CPU
		{73401AF6-5F13-8523-0CF8-F99D1D705A76}.Debug|Any CPU.Build.0 = Debug|Any CPU
		{73401AF6-5F13-8523-0CF8-F99D1D705A76}.Release|Any CPU.ActiveCfg = Release|Any CPU
		{73401AF6-5F13-8523-0CF8-F99D1D705A76}.Release|Any CPU.Build.0 = Release|Any CPU
	EndGlobalSection
	GlobalSection(SolutionProperties) = preSolution
		HideSolutionNode = FALSE
	EndGlobalSection
	GlobalSection(ExtensibilityGlobals) = postSolution
		SolutionGuid = {FF70A52D-AD90-4BBE-A4EF-9A9E895B4745}
	EndGlobalSection
EndGlobal
